
Microsoft Visual Studio Solution File, Format Version 12.00
# Visual Studio Version 16
VisualStudioVersion = 16.0.30907.101
MinimumVisualStudioVersion = 10.0.40219.1
Project("{FAE04EC0-301F-11D3-BF4B-00C04F79EFBC}") = "AutoUnitTesting", "AutoUnitTesting\AutoUnitTesting.csproj", "{05F4F746-6B68-41F9-BC71-9F751580595D}"
EndProject
Project("{FAE04EC0-301F-11D3-BF4B-00C04F79EFBC}") = "Aga.Diagrams", "Aga.Diagrams\Aga.Diagrams.csproj", "{988E94FB-0936-4B88-ACB9-4F9CE80C8AC3}"
EndProject
Global
	GlobalSection(SolutionConfigurationPlatforms) = preSolution
		Debug|Any CPU = Debug|Any CPU
		Release|Any CPU = Release|Any CPU
	EndGlobalSection
	GlobalSection(ProjectConfigurationPlatforms) = postSolution
		{05F4F746-6B68-41F9-BC71-9F751580595D}.Debug|Any CPU.ActiveCfg = Debug|Any CPU
		{05F4F746-6B68-41F9-BC71-9F751580595D}.Debug|Any CPU.Build.0 = Debug|Any CPU
		{05F4F746-6B68-41F9-BC71-9F751580595D}.Release|Any CPU.ActiveCfg = Release|Any CPU
		{05F4F746-6B68-41F9-BC71-9F751580595D}.Release|Any CPU.Build.0 = Release|Any CPU
		{988E94FB-0936-4B88-ACB9-4F9CE80C8AC3}.Debug|Any CPU.ActiveCfg = Debug|Any CPU
		{988E94FB-0936-4B88-ACB9-4F9CE80C8AC3}.Debug|Any CPU.Build.0 = Debug|Any CPU
		{988E94FB-0936-4B88-ACB9-4F9CE80C8AC3}.Release|Any CPU.ActiveCfg = Release|Any CPU
		{988E94FB-0936-4B88-ACB9-4F9CE80C8AC3}.Release|Any CPU.Build.0 = Release|Any CPU
	EndGlobalSection
	GlobalSection(SolutionProperties) = preSolution
		HideSolutionNode = FALSE
	EndGlobalSection
	GlobalSection(ExtensibilityGlobals) = postSolution
		SolutionGuid = {9C15DB9D-6556-4C49-BECD-1CF2A7EEC42D}
	EndGlobalSection
EndGlobal
